
Microsoft Visual Studio Solution File, Format Version 12.00
Project("{FAE04EC0-301F-11D3-BF4B-00C04F79EFBC}") = "BetterCoinflip", "BetterCoinflip\BetterCoinflip.csproj", "{AAE6DF05-3CE7-47C5-96AB-43361134E7F9}"
EndProject
Global
	GlobalSection(SolutionConfigurationPlatforms) = preSolution
		Debug|Any CPU = Debug|Any CPU
		Release|Any CPU = Release|Any CPU
	EndGlobalSection
	GlobalSection(ProjectConfigurationPlatforms) = postSolution
		{AAE6DF05-3CE7-47C5-96AB-43361134E7F9}.Debug|Any CPU.ActiveCfg = Debug|Any CPU
		{AAE6DF05-3CE7-47C5-96AB-43361134E7F9}.Debug|Any CPU.Build.0 = Debug|Any CPU
		{AAE6DF05-3CE7-47C5-96AB-43361134E7F9}.Release|Any CPU.ActiveCfg = Release|Any CPU
		{AAE6DF05-3CE7-47C5-96AB-43361134E7F9}.Release|Any CPU.Build.0 = Release|Any CPU
	EndGlobalSection
EndGlobal
